
Microsoft Visual Studio Solution File, Format Version 12.00
# Visual Studio Version 17
VisualStudioVersion = 17.10.35122.118
MinimumVisualStudioVersion = 10.0.40219.1
Project("{FAE04EC0-301F-11D3-BF4B-00C04F79EFBC}") = "CarMeetUpApp", "CarMeetUpApp\CarMeetUpApp.csproj", "{B2D1D0C7-6D0F-43F8-92EA-145F47F53937}"
EndProject
Global
	GlobalSection(SolutionConfigurationPlatforms) = preSolution
		Debug|Any CPU = Debug|Any CPU
		Release|Any CPU = Release|Any CPU
	EndGlobalSection
	GlobalSection(ProjectConfigurationPlatforms) = postSolution
		{B2D1D0C7-6D0F-43F8-92EA-145F47F53937}.Debug|Any CPU.ActiveCfg = Debug|Any CPU
		{B2D1D0C7-6D0F-43F8-92EA-145F47F53937}.Debug|Any CPU.Build.0 = Debug|Any CPU
		{B2D1D0C7-6D0F-43F8-92EA-145F47F53937}.Release|Any CPU.ActiveCfg = Release|Any CPU
		{B2D1D0C7-6D0F-43F8-92EA-145F47F53937}.Release|Any CPU.Build.0 = Release|Any CPU
	EndGlobalSection
	GlobalSection(SolutionProperties) = preSolution
		HideSolutionNode = FALSE
	EndGlobalSection
	GlobalSection(ExtensibilityGlobals) = postSolution
		SolutionGuid = {ADCB6572-B97D-4330-880A-D3A141993B76}
	EndGlobalSection
EndGlobal
